// !$*UTF8*$!
{
	archiveVersion = 1;
	classes = {
	};
	objectVersion = 48;
	objects = {

/* Begin PBXBuildFile section */
		3B270F58204E83AB003949A0 /* UINavigationController+Addtion.m in Sources */ = {isa = PBXBuildFile; fileRef = 3B270F57204E83AB003949A0 /* UINavigationController+Addtion.m */; };
		3B270F5B204E83C8003949A0 /* NSObject+Swizzling.m in Sources */ = {isa = PBXBuildFile; fileRef = 3B270F5A204E83C8003949A0 /* NSObject+Swizzling.m */; };
		3B829EC22048F1680072292C /* AppDelegate.m in Sources */ = {isa = PBXBuildFile; fileRef = 3B829EC12048F1680072292C /* AppDelegate.m */; };
		3B829ECA2048F1680072292C /* Assets.xcassets in Resources */ = {isa = PBXBuildFile; fileRef = 3B829EC92048F1680072292C /* Assets.xcassets */; };
		3B829ECD2048F1680072292C /* LaunchScreen.storyboard in Resources */ = {isa = PBXBuildFile; fileRef = 3B829ECB2048F1680072292C /* LaunchScreen.storyboard */; };
		3B829ED02048F1680072292C /* main.m in Sources */ = {isa = PBXBuildFile; fileRef = 3B829ECF2048F1680072292C /* main.m */; };
		3B829EDA2048F1680072292C /* _______demoTests.m in Sources */ = {isa = PBXBuildFile; fileRef = 3B829ED92048F1680072292C /* _______demoTests.m */; };
		3B829EE52048F1680072292C /* _______demoUITests.m in Sources */ = {isa = PBXBuildFile; fileRef = 3B829EE42048F1680072292C /* _______demoUITests.m */; };
		3B829EF42048F3220072292C /* FirstViewController.m in Sources */ = {isa = PBXBuildFile; fileRef = 3B829EF32048F3220072292C /* FirstViewController.m */; };
		3B829EF72048F3330072292C /* SecondViewController.m in Sources */ = {isa = PBXBuildFile; fileRef = 3B829EF62048F3330072292C /* SecondViewController.m */; };
		3B829EFA2048F35E0072292C /* ThirdViewController.m in Sources */ = {isa = PBXBuildFile; fileRef = 3B829EF92048F35E0072292C /* ThirdViewController.m */; };
		3B829EFC2048F9680072292C /* 箭头left40x40@2x.png in Resources */ = {isa = PBXBuildFile; fileRef = 3B829EFB2048F9680072292C /* 箭头left40x40@2x.png */; };
/* End PBXBuildFile section */

/* Begin PBXContainerItemProxy section */
		3B829ED62048F1680072292C /* PBXContainerItemProxy */ = {
			isa = PBXContainerItemProxy;
			containerPortal = 3B829EB52048F1680072292C /* Project object */;
			proxyType = 1;
			remoteGlobalIDString = 3B829EBC2048F1680072292C;
			remoteInfo = "自定义返回按钮demo";
		};
		3B829EE12048F1680072292C /* PBXContainerItemProxy */ = {
			isa = PBXContainerItemProxy;
			containerPortal = 3B829EB52048F1680072292C /* Project object */;
			proxyType = 1;
			remoteGlobalIDString = 3B829EBC2048F1680072292C;
			remoteInfo = "自定义返回按钮demo";
		};
/* End PBXContainerItemProxy section */

/* Begin PBXFileReference section */
		3B270F56204E83AB003949A0 /* UINavigationController+Addtion.h */ = {isa = PBXFileReference; fileEncoding = 4; lastKnownFileType = sourcecode.c.h; path = "UINavigationController+Addtion.h"; sourceTree = "<group>"; };
		3B270F57204E83AB003949A0 /* UINavigationController+Addtion.m */ = {isa = PBXFileReference; fileEncoding = 4; lastKnownFileType = sourcecode.c.objc; path = "UINavigationController+Addtion.m"; sourceTree = "<group>"; };
		3B270F59204E83C8003949A0 /* NSObject+Swizzling.h */ = {isa = PBXFileReference; fileEncoding = 4; lastKnownFileType = sourcecode.c.h; path = "NSObject+Swizzling.h"; sourceTree = "<group>"; };
		3B270F5A204E83C8003949A0 /* NSObject+Swizzling.m */ = {isa = PBXFileReference; fileEncoding = 4; lastKnownFileType = sourcecode.c.objc; path = "NSObject+Swizzling.m"; sourceTree = "<group>"; };
		3B829EBD2048F1680072292C /* 自定义返回按钮demo.app */ = {isa = PBXFileReference; explicitFileType = wrapper.application; includeInIndex = 0; path = "自定义返回按钮demo.app"; sourceTree = BUILT_PRODUCTS_DIR; };
		3B829EC02048F1680072292C /* AppDelegate.h */ = {isa = PBXFileReference; lastKnownFileType = sourcecode.c.h; path = AppDelegate.h; sourceTree = "<group>"; };
		3B829EC12048F1680072292C /* AppDelegate.m */ = {isa = PBXFileReference; lastKnownFileType = sourcecode.c.objc; path = AppDelegate.m; sourceTree = "<group>"; };
		3B829EC92048F1680072292C /* Assets.xcassets */ = {isa = PBXFileReference; lastKnownFileType = folder.assetcatalog; path = Assets.xcassets; sourceTree = "<group>"; };
		3B829ECC2048F1680072292C /* Base */ = {isa = PBXFileReference; lastKnownFileType = file.storyboard; name = Base; path = Base.lproj/LaunchScreen.storyboard; sourceTree = "<group>"; };
		3B829ECE2048F1680072292C /* Info.plist */ = {isa = PBXFileReference; lastKnownFileType = text.plist.xml; path = Info.plist; sourceTree = "<group>"; };
		3B829ECF2048F1680072292C /* main.m */ = {isa = PBXFileReference; lastKnownFileType = sourcecode.c.objc; path = main.m; sourceTree = "<group>"; };
		3B829ED52048F1680072292C /* 自定义返回按钮demoTests.xctest */ = {isa = PBXFileReference; explicitFileType = wrapper.cfbundle; includeInIndex = 0; path = "自定义返回按钮demoTests.xctest"; sourceTree = BUILT_PRODUCTS_DIR; };
		3B829ED92048F1680072292C /* _______demoTests.m */ = {isa = PBXFileReference; lastKnownFileType = sourcecode.c.objc; path = "_______demoTests.m"; sourceTree = "<group>"; };
		3B829EDB2048F1680072292C /* Info.plist */ = {isa = PBXFileReference; lastKnownFileType = text.plist.xml; path = Info.plist; sourceTree = "<group>"; };
		3B829EE02048F1680072292C /* 自定义返回按钮demoUITests.xctest */ = {isa = PBXFileReference; explicitFileType = wrapper.cfbundle; includeInIndex = 0; path = "自定义返回按钮demoUITests.xctest"; sourceTree = BUILT_PRODUCTS_DIR; };
		3B829EE42048F1680072292C /* _______demoUITests.m */ = {isa = PBXFileReference; lastKnownFileType = sourcecode.c.objc; path = "_______demoUITests.m"; sourceTree = "<group>"; };
		3B829EE62048F1680072292C /* Info.plist */ = {isa = PBXFileReference; lastKnownFileType = text.plist.xml; path = Info.plist; sourceTree = "<group>"; };
		3B829EF22048F3210072292C /* FirstViewController.h */ = {isa = PBXFileReference; lastKnownFileType = sourcecode.c.h; path = FirstViewController.h; sourceTree = "<group>"; };
		3B829EF32048F3220072292C /* FirstViewController.m */ = {isa = PBXFileReference; lastKnownFileType = sourcecode.c.objc; path = FirstViewController.m; sourceTree = "<group>"; };
		3B829EF52048F3330072292C /* SecondViewController.h */ = {isa = PBXFileReference; lastKnownFileType = sourcecode.c.h; path = SecondViewController.h; sourceTree = "<group>"; };
		3B829EF62048F3330072292C /* SecondViewController.m */ = {isa = PBXFileReference; lastKnownFileType = sourcecode.c.objc; path = SecondViewController.m; sourceTree = "<group>"; };
		3B829EF82048F35E0072292C /* ThirdViewController.h */ = {isa = PBXFileReference; lastKnownFileType = sourcecode.c.h; path = ThirdViewController.h; sourceTree = "<group>"; };
		3B829EF92048F35E0072292C /* ThirdViewController.m */ = {isa = PBXFileReference; lastKnownFileType = sourcecode.c.objc; path = ThirdViewController.m; sourceTree = "<group>"; };
		3B829EFB2048F9680072292C /* 箭头left40x40@2x.png */ = {isa = PBXFileReference; lastKnownFileType = image.png; path = "箭头left40x40@2x.png"; sourceTree = "<group>"; };
/* End PBXFileReference section */

/* Begin PBXFrameworksBuildPhase section */
		3B829EBA2048F1680072292C /* Frameworks */ = {
			isa = PBXFrameworksBuildPhase;
			buildActionMask = 2147483647;
			files = (
			);
			runOnlyForDeploymentPostprocessing = 0;
		};
		3B829ED22048F1680072292C /* Frameworks */ = {
			isa = PBXFrameworksBuildPhase;
			buildActionMask = 2147483647;
			files = (
			);
			runOnlyForDeploymentPostprocessing = 0;
		};
		3B829EDD2048F1680072292C /* Frameworks */ = {
			isa = PBXFrameworksBuildPhase;
			buildActionMask = 2147483647;
			files = (
			);
			runOnlyForDeploymentPostprocessing = 0;
		};
/* End PBXFrameworksBuildPhase section */

/* Begin PBXGroup section */
		3B829EB42048F1680072292C = {
			isa = PBXGroup;
			children = (
				3B829EBF2048F1680072292C /* 自定义返回按钮demo */,
				3B829ED82048F1680072292C /* 自定义返回按钮demoTests */,
				3B829EE32048F1680072292C /* 自定义返回按钮demoUITests */,
				3B829EBE2048F1680072292C /* Products */,
			);
			sourceTree = "<group>";
		};
		3B829EBE2048F1680072292C /* Products */ = {
			isa = PBXGroup;
			children = (
				3B829EBD2048F1680072292C /* 自定义返回按钮demo.app */,
				3B829ED52048F1680072292C /* 自定义返回按钮demoTests.xctest */,
				3B829EE02048F1680072292C /* 自定义返回按钮demoUITests.xctest */,
			);
			name = Products;
			sourceTree = "<group>";
		};
		3B829EBF2048F1680072292C /* 自定义返回按钮demo */ = {
			isa = PBXGroup;
			children = (
				3B829EC02048F1680072292C /* AppDelegate.h */,
				3B829EC12048F1680072292C /* AppDelegate.m */,
				3B829EF22048F3210072292C /* FirstViewController.h */,
				3B829EF32048F3220072292C /* FirstViewController.m */,
				3B829EF52048F3330072292C /* SecondViewController.h */,
				3B829EF62048F3330072292C /* SecondViewController.m */,
				3B829EF82048F35E0072292C /* ThirdViewController.h */,
				3B829EF92048F35E0072292C /* ThirdViewController.m */,
				3B829EFB2048F9680072292C /* 箭头left40x40@2x.png */,
				3B270F59204E83C8003949A0 /* NSObject+Swizzling.h */,
				3B270F5A204E83C8003949A0 /* NSObject+Swizzling.m */,
				3B270F56204E83AB003949A0 /* UINavigationController+Addtion.h */,
				3B270F57204E83AB003949A0 /* UINavigationController+Addtion.m */,
				3B829EC92048F1680072292C /* Assets.xcassets */,
				3B829ECB2048F1680072292C /* LaunchScreen.storyboard */,
				3B829ECE2048F1680072292C /* Info.plist */,
				3B829ECF2048F1680072292C /* main.m */,
			);
			path = "自定义返回按钮demo";
			sourceTree = "<group>";
		};
		3B829ED82048F1680072292C /* 自定义返回按钮demoTests */ = {
			isa = PBXGroup;
			children = (
				3B829ED92048F1680072292C /* _______demoTests.m */,
				3B829EDB2048F1680072292C /* Info.plist */,
			);
			path = "自定义返回按钮demoTests";
			sourceTree = "<group>";
		};
		3B829EE32048F1680072292C /* 自定义返回按钮demoUITests */ = {
			isa = PBXGroup;
			children = (
				3B829EE42048F1680072292C /* _______demoUITests.m */,
				3B829EE62048F1680072292C /* Info.plist */,
			);
			path = "自定义返回按钮demoUITests";
			sourceTree = "<group>";
		};
/* End PBXGroup section */

/* Begin PBXNativeTarget section */
		3B829EBC2048F1680072292C /* 自定义返回按钮demo */ = {
			isa = PBXNativeTarget;
			buildConfigurationList = 3B829EE92048F1680072292C /* Build configuration list for PBXNativeTarget "自定义返回按钮demo" */;
			buildPhases = (
				3B829EB92048F1680072292C /* Sources */,
				3B829EBA2048F1680072292C /* Frameworks */,
				3B829EBB2048F1680072292C /* Resources */,
			);
			buildRules = (
			);
			dependencies = (
			);
			name = "自定义返回按钮demo";
			productName = "自定义返回按钮demo";
			productReference = 3B829EBD2048F1680072292C /* 自定义返回按钮demo.app */;
			productType = "com.apple.product-type.application";
		};
		3B829ED42048F1680072292C /* 自定义返回按钮demoTests */ = {
			isa = PBXNativeTarget;
			buildConfigurationList = 3B829EEC2048F1680072292C /* Build configuration list for PBXNativeTarget "自定义返回按钮demoTests" */;
			buildPhases = (
				3B829ED12048F1680072292C /* Sources */,
				3B829ED22048F1680072292C /* Frameworks */,
				3B829ED32048F1680072292C /* Resources */,
			);
			buildRules = (
			);
			dependencies = (
				3B829ED72048F1680072292C /* PBXTargetDependency */,
			);
			name = "自定义返回按钮demoTests";
			productName = "自定义返回按钮demoTests";
			productReference = 3B829ED52048F1680072292C /* 自定义返回按钮demoTests.xctest */;
			productType = "com.apple.product-type.bundle.unit-test";
		};
		3B829EDF2048F1680072292C /* 自定义返回按钮demoUITests */ = {
			isa = PBXNativeTarget;
			buildConfigurationList = 3B829EEF2048F1680072292C /* Build configuration list for PBXNativeTarget "自定义返回按钮demoUITests" */;
			buildPhases = (
				3B829EDC2048F1680072292C /* Sources */,
				3B829EDD2048F1680072292C /* Frameworks */,
				3B829EDE2048F1680072292C /* Resources */,
			);
			buildRules = (
			);
			dependencies = (
				3B829EE22048F1680072292C /* PBXTargetDependency */,
			);
			name = "自定义返回按钮demoUITests";
			productName = "自定义返回按钮demoUITests";
			productReference = 3B829EE02048F1680072292C /* 自定义返回按钮demoUITests.xctest */;
			productType = "com.apple.product-type.bundle.ui-testing";
		};
/* End PBXNativeTarget section */

/* Begin PBXProject section */
		3B829EB52048F1680072292C /* Project object */ = {
			isa = PBXProject;
			attributes = {
				LastUpgradeCheck = 0910;
				ORGANIZATIONNAME = GZY;
				TargetAttributes = {
					3B829EBC2048F1680072292C = {
						CreatedOnToolsVersion = 9.1;
						ProvisioningStyle = Automatic;
					};
					3B829ED42048F1680072292C = {
						CreatedOnToolsVersion = 9.1;
						ProvisioningStyle = Automatic;
						TestTargetID = 3B829EBC2048F1680072292C;
					};
					3B829EDF2048F1680072292C = {
						CreatedOnToolsVersion = 9.1;
						ProvisioningStyle = Automatic;
						TestTargetID = 3B829EBC2048F1680072292C;
					};
				};
			};
			buildConfigurationList = 3B829EB82048F1680072292C /* Build configuration list for PBXProject "自定义返回按钮demo" */;
			compatibilityVersion = "Xcode 8.0";
			developmentRegion = en;
			hasScannedForEncodings = 0;
			knownRegions = (
				en,
				Base,
			);
			mainGroup = 3B829EB42048F1680072292C;
			productRefGroup = 3B829EBE2048F1680072292C /* Products */;
			projectDirPath = "";
			projectRoot = "";
			targets = (
				3B829EBC2048F1680072292C /* 自定义返回按钮demo */,
				3B829ED42048F1680072292C /* 自定义返回按钮demoTests */,
				3B829EDF2048F1680072292C /* 自定义返回按钮demoUITests */,
			);
		};
/* End PBXProject section */

/* Begin PBXResourcesBuildPhase section */
		3B829EBB2048F1680072292C /* Resources */ = {
			isa = PBXResourcesBuildPhase;
			buildActionMask = 2147483647;
			files = (
				3B829ECD2048F1680072292C /* LaunchScreen.storyboard in Resources */,
				3B829ECA2048F1680072292C /* Assets.xcassets in Resources */,
				3B829EFC2048F9680072292C /* 箭头left40x40@2x.png in Resources */,
			);
			runOnlyForDeploymentPostprocessing = 0;
		};
		3B829ED32048F1680072292C /* Resources */ = {
			isa = PBXResourcesBuildPhase;
			buildActionMask = 2147483647;
			files = (
			);
			runOnlyForDeploymentPostprocessing = 0;
		};
		3B829EDE2048F1680072292C /* Resources */ = {
			isa = PBXResourcesBuildPhase;
			buildActionMask = 2147483647;
			files = (
			);
			runOnlyForDeploymentPostprocessing = 0;
		};
/* End PBXResourcesBuildPhase section */

/* Begin PBXSourcesBuildPhase section */
		3B829EB92048F1680072292C /* Sources */ = {
			isa = PBXSourcesBuildPhase;
			buildActionMask = 2147483647;
			files = (
				3B270F58204E83AB003949A0 /* UINavigationController+Addtion.m in Sources */,
				3B829EF72048F3330072292C /* SecondViewController.m in Sources */,
				3B829EFA2048F35E0072292C /* ThirdViewController.m in Sources */,
				3B270F5B204E83C8003949A0 /* NSObject+Swizzling.m in Sources */,
				3B829ED02048F1680072292C /* main.m in Sources */,
				3B829EC22048F1680072292C /* AppDelegate.m in Sources */,
				3B829EF42048F3220072292C /* FirstViewController.m in Sources */,
			);
			runOnlyForDeploymentPostprocessing = 0;
		};
		3B829ED12048F1680072292C /* Sources */ = {
			isa = PBXSourcesBuildPhase;
			buildActionMask = 2147483647;
			files = (
				3B829EDA2048F1680072292C /* _______demoTests.m in Sources */,
			);
			runOnlyForDeploymentPostprocessing = 0;
		};
		3B829EDC2048F1680072292C /* Sources */ = {
			isa = PBXSourcesBuildPhase;
			buildActionMask = 2147483647;
			files = (
				3B829EE52048F1680072292C /* _______demoUITests.m in Sources */,
			);
			runOnlyForDeploymentPostprocessing = 0;
		};
/* End PBXSourcesBuildPhase section */

/* Begin PBXTargetDependency section */
		3B829ED72048F1680072292C /* PBXTargetDependency */ = {
			isa = PBXTargetDependency;
			target = 3B829EBC2048F1680072292C /* 自定义返回按钮demo */;
			targetProxy = 3B829ED62048F1680072292C /* PBXContainerItemProxy */;
		};
		3B829EE22048F1680072292C /* PBXTargetDependency */ = {
			isa = PBXTargetDependency;
			target = 3B829EBC2048F1680072292C /* 自定义返回按钮demo */;
			targetProxy = 3B829EE12048F1680072292C /* PBXContainerItemProxy */;
		};
/* End PBXTargetDependency section */

/* Begin PBXVariantGroup section */
		3B829ECB2048F1680072292C /* LaunchScreen.storyboard */ = {
			isa = PBXVariantGroup;
			children = (
				3B829ECC2048F1680072292C /* Base */,
			);
			name = LaunchScreen.storyboard;
			sourceTree = "<group>";
		};
/* End PBXVariantGroup section */

/* Begin XCBuildConfiguration section */
		3B829EE72048F1680072292C /* Debug */ = {
			isa = XCBuildConfiguration;
			buildSettings = {
				ALWAYS_SEARCH_USER_PATHS = NO;
				CLANG_ANALYZER_NONNULL = YES;
				CLANG_ANALYZER_NUMBER_OBJECT_CONVERSION = YES_AGGRESSIVE;
				CLANG_CXX_LANGUAGE_STANDARD = "gnu++14";
				CLANG_CXX_LIBRARY = "libc++";
				CLANG_ENABLE_MODULES = YES;
				CLANG_ENABLE_OBJC_ARC = YES;
				CLANG_WARN_BLOCK_CAPTURE_AUTORELEASING = YES;
				CLANG_WARN_BOOL_CONVERSION = YES;
				CLANG_WARN_COMMA = YES;
				CLANG_WARN_CONSTANT_CONVERSION = YES;
				CLANG_WARN_DIRECT_OBJC_ISA_USAGE = YES_ERROR;
				CLANG_WARN_DOCUMENTATION_COMMENTS = YES;
				CLANG_WARN_EMPTY_BODY = YES;
				CLANG_WARN_ENUM_CONVERSION = YES;
				CLANG_WARN_INFINITE_RECURSION = YES;
				CLANG_WARN_INT_CONVERSION = YES;
				CLANG_WARN_NON_LITERAL_NULL_CONVERSION = YES;
				CLANG_WARN_OBJC_LITERAL_CONVERSION = YES;
				CLANG_WARN_OBJC_ROOT_CLASS = YES_ERROR;
				CLANG_WARN_RANGE_LOOP_ANALYSIS = YES;
				CLANG_WARN_STRICT_PROTOTYPES = YES;
				CLANG_WARN_SUSPICIOUS_MOVE = YES;
				CLANG_WARN_UNGUARDED_AVAILABILITY = YES_AGGRESSIVE;
				CLANG_WARN_UNREACHABLE_CODE = YES;
				CLANG_WARN__DUPLICATE_METHOD_MATCH = YES;
				CODE_SIGN_IDENTITY = "iPhone Developer";
				COPY_PHASE_STRIP = NO;
				DEBUG_INFORMATION_FORMAT = dwarf;
				ENABLE_STRICT_OBJC_MSGSEND = YES;
				ENABLE_TESTABILITY = YES;
				GCC_C_LANGUAGE_STANDARD = gnu11;
				GCC_DYNAMIC_NO_PIC = NO;
				GCC_NO_COMMON_BLOCKS = YES;
				GCC_OPTIMIZATION_LEVEL = 0;
				GCC_PREPROCESSOR_DEFINITIONS = (
					"DEBUG=1",
					"$(inherited)",
				);
				GCC_WARN_64_TO_32_BIT_CONVERSION = YES;
				GCC_WARN_ABOUT_RETURN_TYPE = YES_ERROR;
				GCC_WARN_UNDECLARED_SELECTOR = YES;
				GCC_WARN_UNINITIALIZED_AUTOS = YES_AGGRESSIVE;
				GCC_WARN_UNUSED_FUNCTION = YES;
				GCC_WARN_UNUSED_VARIABLE = YES;
				IPHONEOS_DEPLOYMENT_TARGET = 11.1;
				MTL_ENABLE_DEBUG_INFO = YES;
				ONLY_ACTIVE_ARCH = YES;
				SDKROOT = iphoneos;
			};
			name = Debug;
		};
		3B829EE82048F1680072292C /* Release */ = {
			isa = XCBuildConfiguration;
			buildSettings = {
				ALWAYS_SEARCH_USER_PATHS = NO;
				CLANG_ANALYZER_NONNULL = YES;
				CLANG_ANALYZER_NUMBER_OBJECT_CONVERSION = YES_AGGRESSIVE;
				CLANG_CXX_LANGUAGE_STANDARD = "gnu++14";
				CLANG_CXX_LIBRARY = "libc++";
				CLANG_ENABLE_MODULES = YES;
				CLANG_ENABLE_OBJC_ARC = YES;
				CLANG_WARN_BLOCK_CAPTURE_AUTORELEASING = YES;
				CLANG_WARN_BOOL_CONVERSION = YES;
				CLANG_WARN_COMMA = YES;
				CLANG_WARN_CONSTANT_CONVERSION = YES;
				CLANG_WARN_DIRECT_OBJC_ISA_USAGE = YES_ERROR;
				CLANG_WARN_DOCUMENTATION_COMMENTS = YES;
				CLANG_WARN_EMPTY_BODY = YES;
				CLANG_WARN_ENUM_CONVERSION = YES;
				CLANG_WARN_INFINITE_RECURSION = YES;
				CLANG_WARN_INT_CONVERSION = YES;
				CLANG_WARN_NON_LITERAL_NULL_CONVERSION = YES;
				CLANG_WARN_OBJC_LITERAL_CONVERSION = YES;
				CLANG_WARN_OBJC_ROOT_CLASS = YES_ERROR;
				CLANG_WARN_RANGE_LOOP_ANALYSIS = YES;
				CLANG_WARN_STRICT_PROTOTYPES = YES;
				CLANG_WARN_SUSPICIOUS_MOVE = YES;
				CLANG_WARN_UNGUARDED_AVAILABILITY = YES_AGGRESSIVE;
				CLANG_WARN_UNREACHABLE_CODE = YES;
				CLANG_WARN__DUPLICATE_METHOD_MATCH = YES;
				CODE_SIGN_IDENTITY = "iPhone Developer";
				COPY_PHASE_STRIP = NO;
				DEBUG_INFORMATION_FORMAT = "dwarf-with-dsym";
				ENABLE_NS_ASSERTIONS = NO;
				ENABLE_STRICT_OBJC_MSGSEND = YES;
				GCC_C_LANGUAGE_STANDARD = gnu11;
				GCC_NO_COMMON_BLOCKS = YES;
				GCC_WARN_64_TO_32_BIT_CONVERSION = YES;
				GCC_WARN_ABOUT_RETURN_TYPE = YES_ERROR;
				GCC_WARN_UNDECLARED_SELECTOR = YES;
				GCC_WARN_UNINITIALIZED_AUTOS = YES_AGGRESSIVE;
				GCC_WARN_UNUSED_FUNCTION = YES;
				GCC_WARN_UNUSED_VARIABLE = YES;
				IPHONEOS_DEPLOYMENT_TARGET = 11.1;
				MTL_ENABLE_DEBUG_INFO = NO;
				SDKROOT = iphoneos;
				VALIDATE_PRODUCT = YES;
			};
			name = Release;
		};
		3B829EEA2048F1680072292C /* Debug */ = {
			isa = XCBuildConfiguration;
			buildSettings = {
				ASSETCATALOG_COMPILER_APPICON_NAME = AppIcon;
				CODE_SIGN_STYLE = Automatic;
				DEVELOPMENT_TEAM = 2YK8RHGH9M;
				INFOPLIST_FILE = "自定义返回按钮demo/Info.plist";
				LD_RUNPATH_SEARCH_PATHS = "$(inherited) @executable_path/Frameworks";
				PRODUCT_BUNDLE_IDENTIFIER = "com.gzy.www.-------demo";
				PRODUCT_NAME = "$(TARGET_NAME)";
				TARGETED_DEVICE_FAMILY = "1,2";
			};
			name = Debug;
		};
		3B829EEB2048F1680072292C /* Release */ = {
			isa = XCBuildConfiguration;
			buildSettings = {
				ASSETCATALOG_COMPILER_APPICON_NAME = AppIcon;
				CODE_SIGN_STYLE = Automatic;
				DEVELOPMENT_TEAM = 2YK8RHGH9M;
				INFOPLIST_FILE = "自定义返回按钮demo/Info.plist";
				LD_RUNPATH_SEARCH_PATHS = "$(inherited) @executable_path/Frameworks";
				PRODUCT_BUNDLE_IDENTIFIER = "com.gzy.www.-------demo";
				PRODUCT_NAME = "$(TARGET_NAME)";
				TARGETED_DEVICE_FAMILY = "1,2";
			};
			name = Release;
		};
		3B829EED2048F1680072292C /* Debug */ = {
			isa = XCBuildConfiguration;
			buildSettings = {
				BUNDLE_LOADER = "$(TEST_HOST)";
				CODE_SIGN_STYLE = Automatic;
				DEVELOPMENT_TEAM = 2YK8RHGH9M;
				INFOPLIST_FILE = "自定义返回按钮demoTests/Info.plist";
				LD_RUNPATH_SEARCH_PATHS = "$(inherited) @executable_path/Frameworks @loader_path/Frameworks";
				PRODUCT_BUNDLE_IDENTIFIER = "com.gzy.www.-------demoTests";
				PRODUCT_NAME = "$(TARGET_NAME)";
				TARGETED_DEVICE_FAMILY = "1,2";
				TEST_HOST = "$(BUILT_PRODUCTS_DIR)/自定义返回按钮demo.app/自定义返回按钮demo";
			};
			name = Debug;
		};
		3B829EEE2048F1680072292C /* Release */ = {
			isa = XCBuildConfiguration;
			buildSettings = {
				BUNDLE_LOADER = "$(TEST_HOST)";
				CODE_SIGN_STYLE = Automatic;
				DEVELOPMENT_TEAM = 2YK8RHGH9M;
				INFOPLIST_FILE = "自定义返回按钮demoTests/Info.plist";
				LD_RUNPATH_SEARCH_PATHS = "$(inherited) @executable_path/Frameworks @loader_path/Frameworks";
				PRODUCT_BUNDLE_IDENTIFIER = "com.gzy.www.-------demoTests";
				PRODUCT_NAME = "$(TARGET_NAME)";
				TARGETED_DEVICE_FAMILY = "1,2";
				TEST_HOST = "$(BUILT_PRODUCTS_DIR)/自定义返回按钮demo.app/自定义返回按钮demo";
			};
			name = Release;
		};
		3B829EF02048F1680072292C /* Debug */ = {
			isa = XCBuildConfiguration;
			buildSettings = {
				CODE_SIGN_STYLE = Automatic;
				DEVELOPMENT_TEAM = 2YK8RHGH9M;
				INFOPLIST_FILE = "自定义返回按钮demoUITests/Info.plist";
				LD_RUNPATH_SEARCH_PATHS = "$(inherited) @executable_path/Frameworks @loader_path/Frameworks";
				PRODUCT_BUNDLE_IDENTIFIER = "com.gzy.www.-------demoUITests";
				PRODUCT_NAME = "$(TARGET_NAME)";
				TARGETED_DEVICE_FAMILY = "1,2";
				TEST_TARGET_NAME = "自定义返回按钮demo";
			};
			name = Debug;
		};
		3B829EF12048F1680072292C /* Release */ = {
			isa = XCBuildConfiguration;
			buildSettings = {
				CODE_SIGN_STYLE = Automatic;
				DEVELOPMENT_TEAM = 2YK8RHGH9M;
				INFOPLIST_FILE = "自定义返回按钮demoUITests/Info.plist";
				LD_RUNPATH_SEARCH_PATHS = "$(inherited) @executable_path/Frameworks @loader_path/Frameworks";
				PRODUCT_BUNDLE_IDENTIFIER = "com.gzy.www.-------demoUITests";
				PRODUCT_NAME = "$(TARGET_NAME)";
				TARGETED_DEVICE_FAMILY = "1,2";
				TEST_TARGET_NAME = "自定义返回按钮demo";
			};
			name = Release;
		};
/* End XCBuildConfiguration section */

/* Begin XCConfigurationList section */
		3B829EB82048F1680072292C /* Build configuration list for PBXProject "自定义返回按钮demo" */ = {
			isa = XCConfigurationList;
			buildConfigurations = (
				3B829EE72048F1680072292C /* Debug */,
				3B829EE82048F1680072292C /* Release */,
			);
			defaultConfigurationIsVisible = 0;
			defaultConfigurationName = Release;
		};
		3B829EE92048F1680072292C /* Build configuration list for PBXNativeTarget "自定义返回按钮demo" */ = {
			isa = XCConfigurationList;
			buildConfigurations = (
				3B829EEA2048F1680072292C /* Debug */,
				3B829EEB2048F1680072292C /* Release */,
			);
			defaultConfigurationIsVisible = 0;
			defaultConfigurationName = Release;
		};
		3B829EEC2048F1680072292C /* Build configuration list for PBXNativeTarget "自定义返回按钮demoTests" */ = {
			isa = XCConfigurationList;
			buildConfigurations = (
				3B829EED2048F1680072292C /* Debug */,
				3B829EEE2048F1680072292C /* Release */,
			);
			defaultConfigurationIsVisible = 0;
			defaultConfigurationName = Release;
		};
		3B829EEF2048F1680072292C /* Build configuration list for PBXNativeTarget "自定义返回按钮demoUITests" */ = {
			isa = XCConfigurationList;
			buildConfigurations = (
				3B829EF02048F1680072292C /* Debug */,
				3B829EF12048F1680072292C /* Release */,
			);
			defaultConfigurationIsVisible = 0;
			defaultConfigurationName = Release;
		};
/* End XCConfigurationList section */
	};
	rootObject = 3B829EB52048F1680072292C /* Project object */;
}
